
Microsoft Visual Studio Solution File, Format Version 12.00
# Visual Studio Version 16
VisualStudioVersion = 16.0.30011.22
MinimumVisualStudioVersion = 10.0.40219.1
Project("{FAE04EC0-301F-11D3-BF4B-00C04F79EFBC}") = "AForge.WindowsForms", "AForge.WindowsForms\AForge.WindowsForms.csproj", "{1915D3AD-5078-43A6-A124-BD3B172EB8C5}"
EndProject
Project("{FAE04EC0-301F-11D3-BF4B-00C04F79EFBC}") = "AForge.Wpf", "AForge.Wpf\AForge.Wpf.csproj", "{13A70F8D-72A5-4C22-B5A1-842508B39833}"
EndProject
Project("{FAE04EC0-301F-11D3-BF4B-00C04F79EFBC}") = "WpfImageProcessing", "WpfImageProcessing\WpfImageProcessing.csproj", "{D4E5BA1F-3012-4270-B4EA-B92BC4665E71}"
EndProject
Project("{FAE04EC0-301F-11D3-BF4B-00C04F79EFBC}") = "AForge.Wpf.IpCamera", "AForge.Wpf.IpCamera\AForge.Wpf.IpCamera.csproj", "{117FF6C7-A989-4B76-8646-5FFDE28A0FDB}"
EndProject
Project("{FAE04EC0-301F-11D3-BF4B-00C04F79EFBC}") = "SDKSmartTrainnerAdaptor", "WpfPostItDetector\SDKSmartTrainnerAdaptor.csproj", "{CB3CBCC6-3660-490A-B7DD-5198E508BEB0}"
EndProject
Project("{FAE04EC0-301F-11D3-BF4B-00C04F79EFBC}") = "TurboTrainnerAdaptor", "..\SmartTrainerAdapterSDK\cs\TurboTrainnerAdaptor.csproj", "{445C51F0-1B60-5DF7-8798-DC8C1F7D0C90}"
EndProject
Global
	GlobalSection(SolutionConfigurationPlatforms) = preSolution
		Debug|Any CPU = Debug|Any CPU
		Debug|ARM = Debug|ARM
		Debug|x64 = Debug|x64
		Debug|x86 = Debug|x86
		Release|Any CPU = Release|Any CPU
		Release|ARM = Release|ARM
		Release|x64 = Release|x64
		Release|x86 = Release|x86
	EndGlobalSection
	GlobalSection(ProjectConfigurationPlatforms) = postSolution
		{1915D3AD-5078-43A6-A124-BD3B172EB8C5}.Debug|Any CPU.ActiveCfg = Debug|Any CPU
		{1915D3AD-5078-43A6-A124-BD3B172EB8C5}.Debug|Any CPU.Build.0 = Debug|Any CPU
		{1915D3AD-5078-43A6-A124-BD3B172EB8C5}.Debug|ARM.ActiveCfg = Debug|Any CPU
		{1915D3AD-5078-43A6-A124-BD3B172EB8C5}.Debug|ARM.Build.0 = Debug|Any CPU
		{1915D3AD-5078-43A6-A124-BD3B172EB8C5}.Debug|x64.ActiveCfg = Debug|Any CPU
		{1915D3AD-5078-43A6-A124-BD3B172EB8C5}.Debug|x64.Build.0 = Debug|Any CPU
		{1915D3AD-5078-43A6-A124-BD3B172EB8C5}.Debug|x86.ActiveCfg = Debug|Any CPU
		{1915D3AD-5078-43A6-A124-BD3B172EB8C5}.Debug|x86.Build.0 = Debug|Any CPU
		{1915D3AD-5078-43A6-A124-BD3B172EB8C5}.Release|Any CPU.ActiveCfg = Release|Any CPU
		{1915D3AD-5078-43A6-A124-BD3B172EB8C5}.Release|Any CPU.Build.0 = Release|Any CPU
		{1915D3AD-5078-43A6-A124-BD3B172EB8C5}.Release|ARM.ActiveCfg = Release|Any CPU
		{1915D3AD-5078-43A6-A124-BD3B172EB8C5}.Release|ARM.Build.0 = Release|Any CPU
		{1915D3AD-5078-43A6-A124-BD3B172EB8C5}.Release|x64.ActiveCfg = Release|Any CPU
		{1915D3AD-5078-43A6-A124-BD3B172EB8C5}.Release|x64.Build.0 = Release|Any CPU
		{1915D3AD-5078-43A6-A124-BD3B172EB8C5}.Release|x86.ActiveCfg = Release|Any CPU
		{1915D3AD-5078-43A6-A124-BD3B172EB8C5}.Release|x86.Build.0 = Release|Any CPU
		{13A70F8D-72A5-4C22-B5A1-842508B39833}.Debug|Any CPU.ActiveCfg = Debug|Any CPU
		{13A70F8D-72A5-4C22-B5A1-842508B39833}.Debug|Any CPU.Build.0 = Debug|Any CPU
		{13A70F8D-72A5-4C22-B5A1-842508B39833}.Debug|ARM.ActiveCfg = Debug|Any CPU
		{13A70F8D-72A5-4C22-B5A1-842508B39833}.Debug|ARM.Build.0 = Debug|Any CPU
		{13A70F8D-72A5-4C22-B5A1-842508B39833}.Debug|x64.ActiveCfg = Debug|Any CPU
		{13A70F8D-72A5-4C22-B5A1-842508B39833}.Debug|x64.Build.0 = Debug|Any CPU
		{13A70F8D-72A5-4C22-B5A1-842508B39833}.Debug|x86.ActiveCfg = Debug|Any CPU
		{13A70F8D-72A5-4C22-B5A1-842508B39833}.Debug|x86.Build.0 = Debug|Any CPU
		{13A70F8D-72A5-4C22-B5A1-842508B39833}.Release|Any CPU.ActiveCfg = Release|Any CPU
		{13A70F8D-72A5-4C22-B5A1-842508B39833}.Release|Any CPU.Build.0 = Release|Any CPU
		{13A70F8D-72A5-4C22-B5A1-842508B39833}.Release|ARM.ActiveCfg = Release|Any CPU
		{13A70F8D-72A5-4C22-B5A1-842508B39833}.Release|ARM.Build.0 = Release|Any CPU
		{13A70F8D-72A5-4C22-B5A1-842508B39833}.Release|x64.ActiveCfg = Release|Any CPU
		{13A70F8D-72A5-4C22-B5A1-842508B39833}.Release|x64.Build.0 = Release|Any CPU
		{13A70F8D-72A5-4C22-B5A1-842508B39833}.Release|x86.ActiveCfg = Release|Any CPU
		{13A70F8D-72A5-4C22-B5A1-842508B39833}.Release|x86.Build.0 = Release|Any CPU
		{D4E5BA1F-3012-4270-B4EA-B92BC4665E71}.Debug|Any CPU.ActiveCfg = Debug|Any CPU
		{D4E5BA1F-3012-4270-B4EA-B92BC4665E71}.Debug|Any CPU.Build.0 = Debug|Any CPU
		{D4E5BA1F-3012-4270-B4EA-B92BC4665E71}.Debug|ARM.ActiveCfg = Debug|Any CPU
		{D4E5BA1F-3012-4270-B4EA-B92BC4665E71}.Debug|ARM.Build.0 = Debug|Any CPU
		{D4E5BA1F-3012-4270-B4EA-B92BC4665E71}.Debug|x64.ActiveCfg = Debug|Any CPU
		{D4E5BA1F-3012-4270-B4EA-B92BC4665E71}.Debug|x64.Build.0 = Debug|Any CPU
		{D4E5BA1F-3012-4270-B4EA-B92BC4665E71}.Debug|x86.ActiveCfg = Debug|Any CPU
		{D4E5BA1F-3012-4270-B4EA-B92BC4665E71}.Debug|x86.Build.0 = Debug|Any CPU
		{D4E5BA1F-3012-4270-B4EA-B92BC4665E71}.Release|Any CPU.ActiveCfg = Release|Any CPU
		{D4E5BA1F-3012-4270-B4EA-B92BC4665E71}.Release|Any CPU.Build.0 = Release|Any CPU
		{D4E5BA1F-3012-4270-B4EA-B92BC4665E71}.Release|ARM.ActiveCfg = Release|Any CPU
		{D4E5BA1F-3012-4270-B4EA-B92BC4665E71}.Release|ARM.Build.0 = Release|Any CPU
		{D4E5BA1F-3012-4270-B4EA-B92BC4665E71}.Release|x64.ActiveCfg = Release|Any CPU
		{D4E5BA1F-3012-4270-B4EA-B92BC4665E71}.Release|x64.Build.0 = Release|Any CPU
		{D4E5BA1F-3012-4270-B4EA-B92BC4665E71}.Release|x86.ActiveCfg = Release|Any CPU
		{D4E5BA1F-3012-4270-B4EA-B92BC4665E71}.Release|x86.Build.0 = Release|Any CPU
		{117FF6C7-A989-4B76-8646-5FFDE28A0FDB}.Debug|Any CPU.ActiveCfg = Debug|Any CPU
		{117FF6C7-A989-4B76-8646-5FFDE28A0FDB}.Debug|Any CPU.Build.0 = Debug|Any CPU
		{117FF6C7-A989-4B76-8646-5FFDE28A0FDB}.Debug|ARM.ActiveCfg = Debug|Any CPU
		{117FF6C7-A989-4B76-8646-5FFDE28A0FDB}.Debug|ARM.Build.0 = Debug|Any CPU
		{117FF6C7-A989-4B76-8646-5FFDE28A0FDB}.Debug|x64.ActiveCfg = Debug|Any CPU
		{117FF6C7-A989-4B76-8646-5FFDE28A0FDB}.Debug|x64.Build.0 = Debug|Any CPU
		{117FF6C7-A989-4B76-8646-5FFDE28A0FDB}.Debug|x86.ActiveCfg = Debug|Any CPU
		{117FF6C7-A989-4B76-8646-5FFDE28A0FDB}.Debug|x86.Build.0 = Debug|Any CPU
		{117FF6C7-A989-4B76-8646-5FFDE28A0FDB}.Release|Any CPU.ActiveCfg = Release|Any CPU
		{117FF6C7-A989-4B76-8646-5FFDE28A0FDB}.Release|Any CPU.Build.0 = Release|Any CPU
		{117FF6C7-A989-4B76-8646-5FFDE28A0FDB}.Release|ARM.ActiveCfg = Release|Any CPU
		{117FF6C7-A989-4B76-8646-5FFDE28A0FDB}.Release|ARM.Build.0 = Release|Any CPU
		{117FF6C7-A989-4B76-8646-5FFDE28A0FDB}.Release|x64.ActiveCfg = Release|Any CPU
		{117FF6C7-A989-4B76-8646-5FFDE28A0FDB}.Release|x64.Build.0 = Release|Any CPU
		{117FF6C7-A989-4B76-8646-5FFDE28A0FDB}.Release|x86.ActiveCfg = Release|Any CPU
		{117FF6C7-A989-4B76-8646-5FFDE28A0FDB}.Release|x86.Build.0 = Release|Any CPU
		{CB3CBCC6-3660-490A-B7DD-5198E508BEB0}.Debug|Any CPU.ActiveCfg = Debug|Any CPU
		{CB3CBCC6-3660-490A-B7DD-5198E508BEB0}.Debug|Any CPU.Build.0 = Debug|Any CPU
		{CB3CBCC6-3660-490A-B7DD-5198E508BEB0}.Debug|ARM.ActiveCfg = Debug|Any CPU
		{CB3CBCC6-3660-490A-B7DD-5198E508BEB0}.Debug|ARM.Build.0 = Debug|Any CPU
		{CB3CBCC6-3660-490A-B7DD-5198E508BEB0}.Debug|x64.ActiveCfg = Debug|Any CPU
		{CB3CBCC6-3660-490A-B7DD-5198E508BEB0}.Debug|x64.Build.0 = Debug|Any CPU
		{CB3CBCC6-3660-490A-B7DD-5198E508BEB0}.Debug|x86.ActiveCfg = Debug|Any CPU
		{CB3CBCC6-3660-490A-B7DD-5198E508BEB0}.Debug|x86.Build.0 = Debug|Any CPU
		{CB3CBCC6-3660-490A-B7DD-5198E508BEB0}.Release|Any CPU.ActiveCfg = Release|Any CPU
		{CB3CBCC6-3660-490A-B7DD-5198E508BEB0}.Release|Any CPU.Build.0 = Release|Any CPU
		{CB3CBCC6-3660-490A-B7DD-5198E508BEB0}.Release|ARM.ActiveCfg = Release|Any CPU
		{CB3CBCC6-3660-490A-B7DD-5198E508BEB0}.Release|ARM.Build.0 = Release|Any CPU
		{CB3CBCC6-3660-490A-B7DD-5198E508BEB0}.Release|x64.ActiveCfg = Release|Any CPU
		{CB3CBCC6-3660-490A-B7DD-5198E508BEB0}.Release|x64.Build.0 = Release|Any CPU
		{CB3CBCC6-3660-490A-B7DD-5198E508BEB0}.Release|x86.ActiveCfg = Release|Any CPU
		{CB3CBCC6-3660-490A-B7DD-5198E508BEB0}.Release|x86.Build.0 = Release|Any CPU
		{445C51F0-1B60-5DF7-8798-DC8C1F7D0C90}.Debug|Any CPU.ActiveCfg = Debug|x86
		{445C51F0-1B60-5DF7-8798-DC8C1F7D0C90}.Debug|ARM.ActiveCfg = Debug|ARM
		{445C51F0-1B60-5DF7-8798-DC8C1F7D0C90}.Debug|ARM.Build.0 = Debug|ARM
		{445C51F0-1B60-5DF7-8798-DC8C1F7D0C90}.Debug|ARM.Deploy.0 = Debug|ARM
		{445C51F0-1B60-5DF7-8798-DC8C1F7D0C90}.Debug|x64.ActiveCfg = Debug|x64
		{445C51F0-1B60-5DF7-8798-DC8C1F7D0C90}.Debug|x64.Build.0 = Debug|x64
		{445C51F0-1B60-5DF7-8798-DC8C1F7D0C90}.Debug|x64.Deploy.0 = Debug|x64
		{445C51F0-1B60-5DF7-8798-DC8C1F7D0C90}.Debug|x86.ActiveCfg = Debug|x86
		{445C51F0-1B60-5DF7-8798-DC8C1F7D0C90}.Debug|x86.Build.0 = Debug|x86
		{445C51F0-1B60-5DF7-8798-DC8C1F7D0C90}.Debug|x86.Deploy.0 = Debug|x86
		{445C51F0-1B60-5DF7-8798-DC8C1F7D0C90}.Release|Any CPU.ActiveCfg = Release|x86
		{445C51F0-1B60-5DF7-8798-DC8C1F7D0C90}.Release|ARM.ActiveCfg = Release|ARM
		{445C51F0-1B60-5DF7-8798-DC8C1F7D0C90}.Release|ARM.Build.0 = Release|ARM
		{445C51F0-1B60-5DF7-8798-DC8C1F7D0C90}.Release|ARM.Deploy.0 = Release|ARM
		{445C51F0-1B60-5DF7-8798-DC8C1F7D0C90}.Release|x64.ActiveCfg = Release|x64
		{445C51F0-1B60-5DF7-8798-DC8C1F7D0C90}.Release|x64.Build.0 = Release|x64
		{445C51F0-1B60-5DF7-8798-DC8C1F7D0C90}.Release|x64.Deploy.0 = Release|x64
		{445C51F0-1B60-5DF7-8798-DC8C1F7D0C90}.Release|x86.ActiveCfg = Release|x86
		{445C51F0-1B60-5DF7-8798-DC8C1F7D0C90}.Release|x86.Build.0 = Release|x86
		{445C51F0-1B60-5DF7-8798-DC8C1F7D0C90}.Release|x86.Deploy.0 = Release|x86
	EndGlobalSection
	GlobalSection(SolutionProperties) = preSolution
		HideSolutionNode = FALSE
	EndGlobalSection
	GlobalSection(ExtensibilityGlobals) = postSolution
		SolutionGuid = {EDFEA7C9-6D17-4C7C-A65C-A68D48BDA56B}
	EndGlobalSection
EndGlobal
